<?xml version="1.0" encoding="utf-8"?>
<Project ToolsVersion="4.0" xmlns="http://schemas.microsoft.com/developer/msbuild/2003">
  <ItemGroup>
    <ClCompile Include="src\testApp.cpp">
      <Filter>src</Filter>
    </ClCompile>
    <ClCompile Include="src\main.cpp">
      <Filter>src</Filter>
    </ClCompile>
    <ClCompile Include="src\lookie.cpp">
      <Filter>src</Filter>
    </ClCompile>
    <ClCompile Include="src\weights.cpp">
      <Filter>src</Filter>
    </ClCompile>
    <ClCompile Include="src\slopeLineGroup.cpp">
      <Filter>src</Filter>
    </ClCompile>
    <ClCompile Include="src\lookieLines.cpp">
      <Filter>src</Filter>
    </ClCompile>
    <ClCompile Include="src\intersectAngleGroup.cpp">
      <Filter>src</Filter>
    </ClCompile>
    <ClCompile Include="src\specialPointClass.cpp">
      <Filter>src</Filter>
    </ClCompile>
  </ItemGroup>
  <ItemGroup>
    <Filter Include="src">
      <UniqueIdentifier>{d8376475-7454-4a24-b08a-aac121d3ad6f}</UniqueIdentifier>
    </Filter>
  </ItemGroup>
  <ItemGroup>
    <ClInclude Include="src\testApp.h">
      <Filter>src</Filter>
    </ClInclude>
    <ClInclude Include="src\lookie.h">
      <Filter>src</Filter>
    </ClInclude>
    <ClInclude Include="src\weights.h">
      <Filter>src</Filter>
    </ClInclude>
    <ClInclude Include="src\slopeLineGroup.h">
      <Filter>src</Filter>
    </ClInclude>
    <ClInclude Include="src\lookieLines.h">
      <Filter>src</Filter>
    </ClInclude>
    <ClInclude Include="src\intersectAngleGroup.h">
      <Filter>src</Filter>
    </ClInclude>
    <ClInclude Include="src\specialPointClass.h">
      <Filter>src</Filter>
    </ClInclude>
  </ItemGroup>
  <ItemGroup>
    <ResourceCompile Include="icon.rc" />
  </ItemGroup>
</Project>